
Microsoft Visual Studio Solution File, Format Version 12.00
# Visual Studio Version 17
VisualStudioVersion = 17.5.33530.505
MinimumVisualStudioVersion = 10.0.40219.1
Project("{FAE04EC0-301F-11D3-BF4B-00C04F79EFBC}") = "WebApiYayinlayalim", "WebApiYayinlayalim.csproj", "{F75A27E5-2C46-4691-9F32-B6B30C5BC6C7}"
EndProject
Global
	GlobalSection(SolutionConfigurationPlatforms) = preSolution
		Debug|Any CPU = Debug|Any CPU
		Release|Any CPU = Release|Any CPU
	EndGlobalSection
	GlobalSection(ProjectConfigurationPlatforms) = postSolution
		{F75A27E5-2C46-4691-9F32-B6B30C5BC6C7}.Debug|Any CPU.ActiveCfg = Debug|Any CPU
		{F75A27E5-2C46-4691-9F32-B6B30C5BC6C7}.Debug|Any CPU.Build.0 = Debug|Any CPU
		{F75A27E5-2C46-4691-9F32-B6B30C5BC6C7}.Release|Any CPU.ActiveCfg = Release|Any CPU
		{F75A27E5-2C46-4691-9F32-B6B30C5BC6C7}.Release|Any CPU.Build.0 = Release|Any CPU
	EndGlobalSection
	GlobalSection(SolutionProperties) = preSolution
		HideSolutionNode = FALSE
	EndGlobalSection
	GlobalSection(ExtensibilityGlobals) = postSolution
		SolutionGuid = {7D3DCE96-B82D-4AA0-938C-606B2AFBA774}
	EndGlobalSection
EndGlobal
